
Microsoft Visual Studio Solution File, Format Version 12.00
# Visual Studio Version 16
VisualStudioVersion = 16.0.30711.63
MinimumVisualStudioVersion = 10.0.40219.1
Project("{8BC9CEB8-8B4A-11D0-8D11-00A0C91BC942}") = "Poker", "Poker\Poker.vcxproj", "{4F780191-391C-4284-ACF4-C611617559F9}"
EndProject
Global
	GlobalSection(SolutionConfigurationPlatforms) = preSolution
		Debug|x64 = Debug|x64
		Debug|x86 = Debug|x86
		Release|x64 = Release|x64
		Release|x86 = Release|x86
	EndGlobalSection
	GlobalSection(ProjectConfigurationPlatforms) = postSolution
		{4F780191-391C-4284-ACF4-C611617559F9}.Debug|x64.ActiveCfg = Debug|x64
		{4F780191-391C-4284-ACF4-C611617559F9}.Debug|x64.Build.0 = Debug|x64
		{4F780191-391C-4284-ACF4-C611617559F9}.Debug|x86.ActiveCfg = Debug|Win32
		{4F780191-391C-4284-ACF4-C611617559F9}.Debug|x86.Build.0 = Debug|Win32
		{4F780191-391C-4284-ACF4-C611617559F9}.Release|x64.ActiveCfg = Release|x64
		{4F780191-391C-4284-ACF4-C611617559F9}.Release|x64.Build.0 = Release|x64
		{4F780191-391C-4284-ACF4-C611617559F9}.Release|x86.ActiveCfg = Release|Win32
		{4F780191-391C-4284-ACF4-C611617559F9}.Release|x86.Build.0 = Release|Win32
	EndGlobalSection
	GlobalSection(SolutionProperties) = preSolution
		HideSolutionNode = FALSE
	EndGlobalSection
	GlobalSection(ExtensibilityGlobals) = postSolution
		SolutionGuid = {FBB5E6B7-534F-450F-8CF5-62B86A9DAECF}
	EndGlobalSection
EndGlobal
